
Microsoft Visual Studio Solution File, Format Version 12.00
# Visual Studio Version 17
VisualStudioVersion = 17.5.33516.290
MinimumVisualStudioVersion = 10.0.40219.1
Project("{9A19103F-16F7-4668-BE54-9A1E7A4F7556}") = "WpfApp3", "WpfApp3\WpfApp3.csproj", "{33DD9979-AD81-4978-B0BA-97DCA71FF38B}"
EndProject
Project("{FAE04EC0-301F-11D3-BF4B-00C04F79EFBC}") = "HOMEWORK", "HOMEWORK\HOMEWORK.csproj", "{7690826E-53CD-4083-BB12-4C9C99308BEB}"
EndProject
Project("{FAE04EC0-301F-11D3-BF4B-00C04F79EFBC}") = "WpfApp1", "WpfApp1\WpfApp1.csproj", "{8CB4ED3A-D859-4C7F-B59F-41D452274B0D}"
EndProject
Global
	GlobalSection(SolutionConfigurationPlatforms) = preSolution
		Debug|Any CPU = Debug|Any CPU
		Release|Any CPU = Release|Any CPU
	EndGlobalSection
	GlobalSection(ProjectConfigurationPlatforms) = postSolution
		{33DD9979-AD81-4978-B0BA-97DCA71FF38B}.Debug|Any CPU.ActiveCfg = Debug|Any CPU
		{33DD9979-AD81-4978-B0BA-97DCA71FF38B}.Debug|Any CPU.Build.0 = Debug|Any CPU
		{33DD9979-AD81-4978-B0BA-97DCA71FF38B}.Release|Any CPU.ActiveCfg = Release|Any CPU
		{33DD9979-AD81-4978-B0BA-97DCA71FF38B}.Release|Any CPU.Build.0 = Release|Any CPU
		{7690826E-53CD-4083-BB12-4C9C99308BEB}.Debug|Any CPU.ActiveCfg = Debug|Any CPU
		{7690826E-53CD-4083-BB12-4C9C99308BEB}.Debug|Any CPU.Build.0 = Debug|Any CPU
		{7690826E-53CD-4083-BB12-4C9C99308BEB}.Release|Any CPU.ActiveCfg = Release|Any CPU
		{7690826E-53CD-4083-BB12-4C9C99308BEB}.Release|Any CPU.Build.0 = Release|Any CPU
		{8CB4ED3A-D859-4C7F-B59F-41D452274B0D}.Debug|Any CPU.ActiveCfg = Debug|Any CPU
		{8CB4ED3A-D859-4C7F-B59F-41D452274B0D}.Debug|Any CPU.Build.0 = Debug|Any CPU
		{8CB4ED3A-D859-4C7F-B59F-41D452274B0D}.Release|Any CPU.ActiveCfg = Release|Any CPU
		{8CB4ED3A-D859-4C7F-B59F-41D452274B0D}.Release|Any CPU.Build.0 = Release|Any CPU
	EndGlobalSection
	GlobalSection(SolutionProperties) = preSolution
		HideSolutionNode = FALSE
	EndGlobalSection
	GlobalSection(ExtensibilityGlobals) = postSolution
		SolutionGuid = {30D0D0D0-050D-40FA-808D-9978A3CE70FE}
	EndGlobalSection
EndGlobal
